
Microsoft Visual Studio Solution File, Format Version 12.00
# Visual Studio Version 17
VisualStudioVersion = 17.8.34330.188
MinimumVisualStudioVersion = 10.0.40219.1
Project("{9A19103F-16F7-4668-BE54-9A1E7A4F7556}") = "BulkyWeb", "BulkyWeb\BulkyWeb.csproj", "{AC0EA9A5-F929-4AC2-BEE8-FED9845C8FAB}"
EndProject
Project("{9A19103F-16F7-4668-BE54-9A1E7A4F7556}") = "BulkyWebRazor", "BulkyWebRazor\BulkyWebRazor.csproj", "{8C2CBFA4-87EC-4005-A2AD-C88F28388617}"
EndProject
Global
	GlobalSection(SolutionConfigurationPlatforms) = preSolution
		Debug|Any CPU = Debug|Any CPU
		Release|Any CPU = Release|Any CPU
	EndGlobalSection
	GlobalSection(ProjectConfigurationPlatforms) = postSolution
		{AC0EA9A5-F929-4AC2-BEE8-FED9845C8FAB}.Debug|Any CPU.ActiveCfg = Debug|Any CPU
		{AC0EA9A5-F929-4AC2-BEE8-FED9845C8FAB}.Debug|Any CPU.Build.0 = Debug|Any CPU
		{AC0EA9A5-F929-4AC2-BEE8-FED9845C8FAB}.Release|Any CPU.ActiveCfg = Release|Any CPU
		{AC0EA9A5-F929-4AC2-BEE8-FED9845C8FAB}.Release|Any CPU.Build.0 = Release|Any CPU
		{8C2CBFA4-87EC-4005-A2AD-C88F28388617}.Debug|Any CPU.ActiveCfg = Debug|Any CPU
		{8C2CBFA4-87EC-4005-A2AD-C88F28388617}.Debug|Any CPU.Build.0 = Debug|Any CPU
		{8C2CBFA4-87EC-4005-A2AD-C88F28388617}.Release|Any CPU.ActiveCfg = Release|Any CPU
		{8C2CBFA4-87EC-4005-A2AD-C88F28388617}.Release|Any CPU.Build.0 = Release|Any CPU
	EndGlobalSection
	GlobalSection(SolutionProperties) = preSolution
		HideSolutionNode = FALSE
	EndGlobalSection
	GlobalSection(ExtensibilityGlobals) = postSolution
		SolutionGuid = {8B3AF67D-794E-45AC-BF88-AACCCA6D0204}
	EndGlobalSection
EndGlobal
